// !$*UTF8*$!
{
	archiveVersion = 1;
	classes = {
	};
	objectVersion = 50;
	objects = {

/* Begin PBXBuildFile section */
		1358E018975C0066050DED98 /* Pods_Demo.framework in Frameworks */ = {isa = PBXBuildFile; fileRef = DA55E2B339024655C2E73555 /* Pods_Demo.framework */; };
		DF71746B22F1723E00633600 /* AppDelegate.swift in Sources */ = {isa = PBXBuildFile; fileRef = DF71746A22F1723E00633600 /* AppDelegate.swift */; };
		DF71746D22F1723E00633600 /* ViewController.swift in Sources */ = {isa = PBXBuildFile; fileRef = DF71746C22F1723E00633600 /* ViewController.swift */; };
		DF71747022F1723E00633600 /* Main.storyboard in Resources */ = {isa = PBXBuildFile; fileRef = DF71746E22F1723E00633600 /* Main.storyboard */; };
		DF71747222F1724000633600 /* Assets.xcassets in Resources */ = {isa = PBXBuildFile; fileRef = DF71747122F1724000633600 /* Assets.xcassets */; };
		DF71747522F1724000633600 /* LaunchScreen.storyboard in Resources */ = {isa = PBXBuildFile; fileRef = DF71747322F1724000633600 /* LaunchScreen.storyboard */; };
		DF71749822F172AA00633600 /* XImageView.swift in Sources */ = {isa = PBXBuildFile; fileRef = DF71747D22F172AA00633600 /* XImageView.swift */; };
		DF71749922F172AA00633600 /* XHud.swift in Sources */ = {isa = PBXBuildFile; fileRef = DF71747E22F172AA00633600 /* XHud.swift */; };
		DF71749A22F172AA00633600 /* XDataCache.swift in Sources */ = {isa = PBXBuildFile; fileRef = DF71747F22F172AA00633600 /* XDataCache.swift */; };
		DF71749B22F172AA00633600 /* SwiftWebViewBridge.swift in Sources */ = {isa = PBXBuildFile; fileRef = DF71748022F172AA00633600 /* SwiftWebViewBridge.swift */; };
		DF71749C22F172AA00633600 /* XCarryOn.swift in Sources */ = {isa = PBXBuildFile; fileRef = DF71748122F172AA00633600 /* XCarryOn.swift */; };
		DF71749D22F172AA00633600 /* CircularSlider.swift in Sources */ = {isa = PBXBuildFile; fileRef = DF71748222F172AA00633600 /* CircularSlider.swift */; };
		DF71749E22F172AA00633600 /* Circular3DStarView.swift in Sources */ = {isa = PBXBuildFile; fileRef = DF71748322F172AA00633600 /* Circular3DStarView.swift */; };
		DF71749F22F172AA00633600 /* XTip.swift in Sources */ = {isa = PBXBuildFile; fileRef = DF71748422F172AA00633600 /* XTip.swift */; };
		DF7174A022F172AA00633600 /* XTransitionAnimator.swift in Sources */ = {isa = PBXBuildFile; fileRef = DF71748522F172AA00633600 /* XTransitionAnimator.swift */; };
		DF7174A122F172AA00633600 /* SwiftNotice.swift in Sources */ = {isa = PBXBuildFile; fileRef = DF71748622F172AA00633600 /* SwiftNotice.swift */; };
		DF7174A222F172AA00633600 /* PublicStruct.swift in Sources */ = {isa = PBXBuildFile; fileRef = DF71748722F172AA00633600 /* PublicStruct.swift */; };
		DF7174A322F172AA00633600 /* XAlertViewController.swift in Sources */ = {isa = PBXBuildFile; fileRef = DF71748822F172AA00633600 /* XAlertViewController.swift */; };
		DF7174A422F172AA00633600 /* XURLNavigator.swift in Sources */ = {isa = PBXBuildFile; fileRef = DF71748922F172AA00633600 /* XURLNavigator.swift */; };
		DF7174A522F172AA00633600 /* XUIKit.swift in Sources */ = {isa = PBXBuildFile; fileRef = DF71748A22F172AA00633600 /* XUIKit.swift */; };
		DF7174A622F172AA00633600 /* PublicTools.swift in Sources */ = {isa = PBXBuildFile; fileRef = DF71748B22F172AA00633600 /* PublicTools.swift */; };
		DF7174A722F172AA00633600 /* Public.swift in Sources */ = {isa = PBXBuildFile; fileRef = DF71748C22F172AA00633600 /* Public.swift */; };
		DF7174A822F172AA00633600 /* ReusableView+Extension.swift in Sources */ = {isa = PBXBuildFile; fileRef = DF71748E22F172AA00633600 /* ReusableView+Extension.swift */; };
		DF7174A922F172AA00633600 /* Date+Extension.swift in Sources */ = {isa = PBXBuildFile; fileRef = DF71748F22F172AA00633600 /* Date+Extension.swift */; };
		DF7174AA22F172AA00633600 /* Collection+Extension.swift in Sources */ = {isa = PBXBuildFile; fileRef = DF71749022F172AA00633600 /* Collection+Extension.swift */; };
		DF7174AB22F172AA00633600 /* UIView+Extension.swift in Sources */ = {isa = PBXBuildFile; fileRef = DF71749122F172AA00633600 /* UIView+Extension.swift */; };
		DF7174AC22F172AA00633600 /* UIImage+Extension.swift in Sources */ = {isa = PBXBuildFile; fileRef = DF71749222F172AA00633600 /* UIImage+Extension.swift */; };
		DF7174AD22F172AA00633600 /* UILabel+TapAction.swift in Sources */ = {isa = PBXBuildFile; fileRef = DF71749322F172AA00633600 /* UILabel+TapAction.swift */; };
		DF7174AE22F172AA00633600 /* NSObject+Mirror.swift in Sources */ = {isa = PBXBuildFile; fileRef = DF71749422F172AA00633600 /* NSObject+Mirror.swift */; };
		DF7174AF22F172AA00633600 /* String+Extension.swift in Sources */ = {isa = PBXBuildFile; fileRef = DF71749522F172AA00633600 /* String+Extension.swift */; };
		DF7174B022F172AA00633600 /* OtherExtensions.swift in Sources */ = {isa = PBXBuildFile; fileRef = DF71749622F172AA00633600 /* OtherExtensions.swift */; };
		DF7174B122F172AA00633600 /* XIBExtension.swift in Sources */ = {isa = PBXBuildFile; fileRef = DF71749722F172AA00633600 /* XIBExtension.swift */; };
/* End PBXBuildFile section */

/* Begin PBXFileReference section */
		38967715B119D13D79242BA4 /* Pods-Demo.release.xcconfig */ = {isa = PBXFileReference; includeInIndex = 1; lastKnownFileType = text.xcconfig; name = "Pods-Demo.release.xcconfig"; path = "Target Support Files/Pods-Demo/Pods-Demo.release.xcconfig"; sourceTree = "<group>"; };
		89D39E95D476347F56B75B04 /* Pods-Demo.debug.xcconfig */ = {isa = PBXFileReference; includeInIndex = 1; lastKnownFileType = text.xcconfig; name = "Pods-Demo.debug.xcconfig"; path = "Target Support Files/Pods-Demo/Pods-Demo.debug.xcconfig"; sourceTree = "<group>"; };
		DA55E2B339024655C2E73555 /* Pods_Demo.framework */ = {isa = PBXFileReference; explicitFileType = wrapper.framework; includeInIndex = 0; path = Pods_Demo.framework; sourceTree = BUILT_PRODUCTS_DIR; };
		DF71746722F1723E00633600 /* Demo.app */ = {isa = PBXFileReference; explicitFileType = wrapper.application; includeInIndex = 0; path = Demo.app; sourceTree = BUILT_PRODUCTS_DIR; };
		DF71746A22F1723E00633600 /* AppDelegate.swift */ = {isa = PBXFileReference; lastKnownFileType = sourcecode.swift; path = AppDelegate.swift; sourceTree = "<group>"; };
		DF71746C22F1723E00633600 /* ViewController.swift */ = {isa = PBXFileReference; lastKnownFileType = sourcecode.swift; path = ViewController.swift; sourceTree = "<group>"; };
		DF71746F22F1723E00633600 /* Base */ = {isa = PBXFileReference; lastKnownFileType = file.storyboard; name = Base; path = Base.lproj/Main.storyboard; sourceTree = "<group>"; };
		DF71747122F1724000633600 /* Assets.xcassets */ = {isa = PBXFileReference; lastKnownFileType = folder.assetcatalog; path = Assets.xcassets; sourceTree = "<group>"; };
		DF71747422F1724000633600 /* Base */ = {isa = PBXFileReference; lastKnownFileType = file.storyboard; name = Base; path = Base.lproj/LaunchScreen.storyboard; sourceTree = "<group>"; };
		DF71747622F1724000633600 /* Info.plist */ = {isa = PBXFileReference; lastKnownFileType = text.plist.xml; path = Info.plist; sourceTree = "<group>"; };
		DF71747D22F172AA00633600 /* XImageView.swift */ = {isa = PBXFileReference; fileEncoding = 4; lastKnownFileType = sourcecode.swift; path = XImageView.swift; sourceTree = "<group>"; };
		DF71747E22F172AA00633600 /* XHud.swift */ = {isa = PBXFileReference; fileEncoding = 4; lastKnownFileType = sourcecode.swift; path = XHud.swift; sourceTree = "<group>"; };
		DF71747F22F172AA00633600 /* XDataCache.swift */ = {isa = PBXFileReference; fileEncoding = 4; lastKnownFileType = sourcecode.swift; path = XDataCache.swift; sourceTree = "<group>"; };
		DF71748022F172AA00633600 /* SwiftWebViewBridge.swift */ = {isa = PBXFileReference; fileEncoding = 4; lastKnownFileType = sourcecode.swift; path = SwiftWebViewBridge.swift; sourceTree = "<group>"; };
		DF71748122F172AA00633600 /* XCarryOn.swift */ = {isa = PBXFileReference; fileEncoding = 4; lastKnownFileType = sourcecode.swift; path = XCarryOn.swift; sourceTree = "<group>"; };
		DF71748222F172AA00633600 /* CircularSlider.swift */ = {isa = PBXFileReference; fileEncoding = 4; lastKnownFileType = sourcecode.swift; path = CircularSlider.swift; sourceTree = "<group>"; };
		DF71748322F172AA00633600 /* Circular3DStarView.swift */ = {isa = PBXFileReference; fileEncoding = 4; lastKnownFileType = sourcecode.swift; path = Circular3DStarView.swift; sourceTree = "<group>"; };
		DF71748422F172AA00633600 /* XTip.swift */ = {isa = PBXFileReference; fileEncoding = 4; lastKnownFileType = sourcecode.swift; path = XTip.swift; sourceTree = "<group>"; };
		DF71748522F172AA00633600 /* XTransitionAnimator.swift */ = {isa = PBXFileReference; fileEncoding = 4; lastKnownFileType = sourcecode.swift; path = XTransitionAnimator.swift; sourceTree = "<group>"; };
		DF71748622F172AA00633600 /* SwiftNotice.swift */ = {isa = PBXFileReference; fileEncoding = 4; lastKnownFileType = sourcecode.swift; path = SwiftNotice.swift; sourceTree = "<group>"; };
		DF71748722F172AA00633600 /* PublicStruct.swift */ = {isa = PBXFileReference; fileEncoding = 4; lastKnownFileType = sourcecode.swift; path = PublicStruct.swift; sourceTree = "<group>"; };
		DF71748822F172AA00633600 /* XAlertViewController.swift */ = {isa = PBXFileReference; fileEncoding = 4; lastKnownFileType = sourcecode.swift; path = XAlertViewController.swift; sourceTree = "<group>"; };
		DF71748922F172AA00633600 /* XURLNavigator.swift */ = {isa = PBXFileReference; fileEncoding = 4; lastKnownFileType = sourcecode.swift; path = XURLNavigator.swift; sourceTree = "<group>"; };
		DF71748A22F172AA00633600 /* XUIKit.swift */ = {isa = PBXFileReference; fileEncoding = 4; lastKnownFileType = sourcecode.swift; path = XUIKit.swift; sourceTree = "<group>"; };
		DF71748B22F172AA00633600 /* PublicTools.swift */ = {isa = PBXFileReference; fileEncoding = 4; lastKnownFileType = sourcecode.swift; path = PublicTools.swift; sourceTree = "<group>"; };
		DF71748C22F172AA00633600 /* Public.swift */ = {isa = PBXFileReference; fileEncoding = 4; lastKnownFileType = sourcecode.swift; path = Public.swift; sourceTree = "<group>"; };
		DF71748E22F172AA00633600 /* ReusableView+Extension.swift */ = {isa = PBXFileReference; fileEncoding = 4; lastKnownFileType = sourcecode.swift; path = "ReusableView+Extension.swift"; sourceTree = "<group>"; };
		DF71748F22F172AA00633600 /* Date+Extension.swift */ = {isa = PBXFileReference; fileEncoding = 4; lastKnownFileType = sourcecode.swift; path = "Date+Extension.swift"; sourceTree = "<group>"; };
		DF71749022F172AA00633600 /* Collection+Extension.swift */ = {isa = PBXFileReference; fileEncoding = 4; lastKnownFileType = sourcecode.swift; path = "Collection+Extension.swift"; sourceTree = "<group>"; };
		DF71749122F172AA00633600 /* UIView+Extension.swift */ = {isa = PBXFileReference; fileEncoding = 4; lastKnownFileType = sourcecode.swift; path = "UIView+Extension.swift"; sourceTree = "<group>"; };
		DF71749222F172AA00633600 /* UIImage+Extension.swift */ = {isa = PBXFileReference; fileEncoding = 4; lastKnownFileType = sourcecode.swift; path = "UIImage+Extension.swift"; sourceTree = "<group>"; };
		DF71749322F172AA00633600 /* UILabel+TapAction.swift */ = {isa = PBXFileReference; fileEncoding = 4; lastKnownFileType = sourcecode.swift; path = "UILabel+TapAction.swift"; sourceTree = "<group>"; };
		DF71749422F172AA00633600 /* NSObject+Mirror.swift */ = {isa = PBXFileReference; fileEncoding = 4; lastKnownFileType = sourcecode.swift; path = "NSObject+Mirror.swift"; sourceTree = "<group>"; };
		DF71749522F172AA00633600 /* String+Extension.swift */ = {isa = PBXFileReference; fileEncoding = 4; lastKnownFileType = sourcecode.swift; path = "String+Extension.swift"; sourceTree = "<group>"; };
		DF71749622F172AA00633600 /* OtherExtensions.swift */ = {isa = PBXFileReference; fileEncoding = 4; lastKnownFileType = sourcecode.swift; path = OtherExtensions.swift; sourceTree = "<group>"; };
		DF71749722F172AA00633600 /* XIBExtension.swift */ = {isa = PBXFileReference; fileEncoding = 4; lastKnownFileType = sourcecode.swift; path = XIBExtension.swift; sourceTree = "<group>"; };
/* End PBXFileReference section */

/* Begin PBXFrameworksBuildPhase section */
		DF71746422F1723E00633600 /* Frameworks */ = {
			isa = PBXFrameworksBuildPhase;
			buildActionMask = 2147483647;
			files = (
				1358E018975C0066050DED98 /* Pods_Demo.framework in Frameworks */,
			);
			runOnlyForDeploymentPostprocessing = 0;
		};
/* End PBXFrameworksBuildPhase section */

/* Begin PBXGroup section */
		40C88E90C844C55ACAF9FC56 /* Frameworks */ = {
			isa = PBXGroup;
			children = (
				DA55E2B339024655C2E73555 /* Pods_Demo.framework */,
			);
			name = Frameworks;
			sourceTree = "<group>";
		};
		671DDA87AB9AD7F714146AC2 /* Pods */ = {
			isa = PBXGroup;
			children = (
				89D39E95D476347F56B75B04 /* Pods-Demo.debug.xcconfig */,
				38967715B119D13D79242BA4 /* Pods-Demo.release.xcconfig */,
			);
			path = Pods;
			sourceTree = "<group>";
		};
		DF71745E22F1723E00633600 = {
			isa = PBXGroup;
			children = (
				DF71746922F1723E00633600 /* Demo */,
				DF71746822F1723E00633600 /* Products */,
				671DDA87AB9AD7F714146AC2 /* Pods */,
				40C88E90C844C55ACAF9FC56 /* Frameworks */,
			);
			sourceTree = "<group>";
		};
		DF71746822F1723E00633600 /* Products */ = {
			isa = PBXGroup;
			children = (
				DF71746722F1723E00633600 /* Demo.app */,
			);
			name = Products;
			sourceTree = "<group>";
		};
		DF71746922F1723E00633600 /* Demo */ = {
			isa = PBXGroup;
			children = (
				DF71747C22F172AA00633600 /* CarryOn */,
				DF71748D22F172AA00633600 /* Extension */,
				DF71746A22F1723E00633600 /* AppDelegate.swift */,
				DF71746C22F1723E00633600 /* ViewController.swift */,
				DF71746E22F1723E00633600 /* Main.storyboard */,
				DF71747122F1724000633600 /* Assets.xcassets */,
				DF71747322F1724000633600 /* LaunchScreen.storyboard */,
				DF71747622F1724000633600 /* Info.plist */,
			);
			path = Demo;
			sourceTree = "<group>";
		};
		DF71747C22F172AA00633600 /* CarryOn */ = {
			isa = PBXGroup;
			children = (
				DF71747D22F172AA00633600 /* XImageView.swift */,
				DF71747E22F172AA00633600 /* XHud.swift */,
				DF71747F22F172AA00633600 /* XDataCache.swift */,
				DF71748022F172AA00633600 /* SwiftWebViewBridge.swift */,
				DF71748122F172AA00633600 /* XCarryOn.swift */,
				DF71748222F172AA00633600 /* CircularSlider.swift */,
				DF71748322F172AA00633600 /* Circular3DStarView.swift */,
				DF71748422F172AA00633600 /* XTip.swift */,
				DF71748522F172AA00633600 /* XTransitionAnimator.swift */,
				DF71748622F172AA00633600 /* SwiftNotice.swift */,
				DF71748722F172AA00633600 /* PublicStruct.swift */,
				DF71748822F172AA00633600 /* XAlertViewController.swift */,
				DF71748922F172AA00633600 /* XURLNavigator.swift */,
				DF71748A22F172AA00633600 /* XUIKit.swift */,
				DF71748B22F172AA00633600 /* PublicTools.swift */,
				DF71748C22F172AA00633600 /* Public.swift */,
			);
			name = CarryOn;
			path = ../../CarryOn;
			sourceTree = "<group>";
		};
		DF71748D22F172AA00633600 /* Extension */ = {
			isa = PBXGroup;
			children = (
				DF71748E22F172AA00633600 /* ReusableView+Extension.swift */,
				DF71748F22F172AA00633600 /* Date+Extension.swift */,
				DF71749022F172AA00633600 /* Collection+Extension.swift */,
				DF71749122F172AA00633600 /* UIView+Extension.swift */,
				DF71749222F172AA00633600 /* UIImage+Extension.swift */,
				DF71749322F172AA00633600 /* UILabel+TapAction.swift */,
				DF71749422F172AA00633600 /* NSObject+Mirror.swift */,
				DF71749522F172AA00633600 /* String+Extension.swift */,
				DF71749622F172AA00633600 /* OtherExtensions.swift */,
				DF71749722F172AA00633600 /* XIBExtension.swift */,
			);
			name = Extension;
			path = ../../Extension;
			sourceTree = "<group>";
		};
/* End PBXGroup section */

/* Begin PBXNativeTarget section */
		DF71746622F1723E00633600 /* Demo */ = {
			isa = PBXNativeTarget;
			buildConfigurationList = DF71747922F1724000633600 /* Build configuration list for PBXNativeTarget "Demo" */;
			buildPhases = (
				4C409B6EDCEF92B64477C37E /* [CP] Check Pods Manifest.lock */,
				DF71746322F1723E00633600 /* Sources */,
				DF71746422F1723E00633600 /* Frameworks */,
				DF71746522F1723E00633600 /* Resources */,
			);
			buildRules = (
			);
			dependencies = (
			);
			name = Demo;
			productName = Demo;
			productReference = DF71746722F1723E00633600 /* Demo.app */;
			productType = "com.apple.product-type.application";
		};
/* End PBXNativeTarget section */

/* Begin PBXProject section */
		DF71745F22F1723E00633600 /* Project object */ = {
			isa = PBXProject;
			attributes = {
				LastSwiftUpdateCheck = 1020;
				LastUpgradeCheck = 1020;
				ORGANIZATIONNAME = Super;
				TargetAttributes = {
					DF71746622F1723E00633600 = {
						CreatedOnToolsVersion = 10.2.1;
					};
				};
			};
			buildConfigurationList = DF71746222F1723E00633600 /* Build configuration list for PBXProject "Demo" */;
			compatibilityVersion = "Xcode 9.3";
			developmentRegion = en;
			hasScannedForEncodings = 0;
			knownRegions = (
				en,
				Base,
			);
			mainGroup = DF71745E22F1723E00633600;
			productRefGroup = DF71746822F1723E00633600 /* Products */;
			projectDirPath = "";
			projectRoot = "";
			targets = (
				DF71746622F1723E00633600 /* Demo */,
			);
		};
/* End PBXProject section */

/* Begin PBXResourcesBuildPhase section */
		DF71746522F1723E00633600 /* Resources */ = {
			isa = PBXResourcesBuildPhase;
			buildActionMask = 2147483647;
			files = (
				DF71747522F1724000633600 /* LaunchScreen.storyboard in Resources */,
				DF71747222F1724000633600 /* Assets.xcassets in Resources */,
				DF71747022F1723E00633600 /* Main.storyboard in Resources */,
			);
			runOnlyForDeploymentPostprocessing = 0;
		};
/* End PBXResourcesBuildPhase section */

/* Begin PBXShellScriptBuildPhase section */
		4C409B6EDCEF92B64477C37E /* [CP] Check Pods Manifest.lock */ = {
			isa = PBXShellScriptBuildPhase;
			buildActionMask = 2147483647;
			files = (
			);
			inputFileListPaths = (
			);
			inputPaths = (
				"${PODS_PODFILE_DIR_PATH}/Podfile.lock",
				"${PODS_ROOT}/Manifest.lock",
			);
			name = "[CP] Check Pods Manifest.lock";
			outputFileListPaths = (
			);
			outputPaths = (
				"$(DERIVED_FILE_DIR)/Pods-Demo-checkManifestLockResult.txt",
			);
			runOnlyForDeploymentPostprocessing = 0;
			shellPath = /bin/sh;
			shellScript = "diff \"${PODS_PODFILE_DIR_PATH}/Podfile.lock\" \"${PODS_ROOT}/Manifest.lock\" > /dev/null\nif [ $? != 0 ] ; then\n    # print error to STDERR\n    echo \"error: The sandbox is not in sync with the Podfile.lock. Run 'pod install' or update your CocoaPods installation.\" >&2\n    exit 1\nfi\n# This output is used by Xcode 'outputs' to avoid re-running this script phase.\necho \"SUCCESS\" > \"${SCRIPT_OUTPUT_FILE_0}\"\n";
			showEnvVarsInLog = 0;
		};
/* End PBXShellScriptBuildPhase section */

/* Begin PBXSourcesBuildPhase section */
		DF71746322F1723E00633600 /* Sources */ = {
			isa = PBXSourcesBuildPhase;
			buildActionMask = 2147483647;
			files = (
				DF7174AB22F172AA00633600 /* UIView+Extension.swift in Sources */,
				DF71746D22F1723E00633600 /* ViewController.swift in Sources */,
				DF7174AA22F172AA00633600 /* Collection+Extension.swift in Sources */,
				DF7174B022F172AA00633600 /* OtherExtensions.swift in Sources */,
				DF7174AE22F172AA00633600 /* NSObject+Mirror.swift in Sources */,
				DF71746B22F1723E00633600 /* AppDelegate.swift in Sources */,
				DF7174A722F172AA00633600 /* Public.swift in Sources */,
				DF7174AF22F172AA00633600 /* String+Extension.swift in Sources */,
				DF71749C22F172AA00633600 /* XCarryOn.swift in Sources */,
				DF7174A222F172AA00633600 /* PublicStruct.swift in Sources */,
				DF7174A922F172AA00633600 /* Date+Extension.swift in Sources */,
				DF7174A122F172AA00633600 /* SwiftNotice.swift in Sources */,
				DF7174AC22F172AA00633600 /* UIImage+Extension.swift in Sources */,
				DF7174A622F172AA00633600 /* PublicTools.swift in Sources */,
				DF7174A522F172AA00633600 /* XUIKit.swift in Sources */,
				DF7174A022F172AA00633600 /* XTransitionAnimator.swift in Sources */,
				DF7174A322F172AA00633600 /* XAlertViewController.swift in Sources */,
				DF7174AD22F172AA00633600 /* UILabel+TapAction.swift in Sources */,
				DF71749922F172AA00633600 /* XHud.swift in Sources */,
				DF71749F22F172AA00633600 /* XTip.swift in Sources */,
				DF71749822F172AA00633600 /* XImageView.swift in Sources */,
				DF7174A822F172AA00633600 /* ReusableView+Extension.swift in Sources */,
				DF71749E22F172AA00633600 /* Circular3DStarView.swift in Sources */,
				DF71749B22F172AA00633600 /* SwiftWebViewBridge.swift in Sources */,
				DF71749A22F172AA00633600 /* XDataCache.swift in Sources */,
				DF7174B122F172AA00633600 /* XIBExtension.swift in Sources */,
				DF7174A422F172AA00633600 /* XURLNavigator.swift in Sources */,
				DF71749D22F172AA00633600 /* CircularSlider.swift in Sources */,
			);
			runOnlyForDeploymentPostprocessing = 0;
		};
/* End PBXSourcesBuildPhase section */

/* Begin PBXVariantGroup section */
		DF71746E22F1723E00633600 /* Main.storyboard */ = {
			isa = PBXVariantGroup;
			children = (
				DF71746F22F1723E00633600 /* Base */,
			);
			name = Main.storyboard;
			sourceTree = "<group>";
		};
		DF71747322F1724000633600 /* LaunchScreen.storyboard */ = {
			isa = PBXVariantGroup;
			children = (
				DF71747422F1724000633600 /* Base */,
			);
			name = LaunchScreen.storyboard;
			sourceTree = "<group>";
		};
/* End PBXVariantGroup section */

/* Begin XCBuildConfiguration section */
		DF71747722F1724000633600 /* Debug */ = {
			isa = XCBuildConfiguration;
			buildSettings = {
				ALWAYS_SEARCH_USER_PATHS = NO;
				CLANG_ANALYZER_NONNULL = YES;
				CLANG_ANALYZER_NUMBER_OBJECT_CONVERSION = YES_AGGRESSIVE;
				CLANG_CXX_LANGUAGE_STANDARD = "gnu++14";
				CLANG_CXX_LIBRARY = "libc++";
				CLANG_ENABLE_MODULES = YES;
				CLANG_ENABLE_OBJC_ARC = YES;
				CLANG_ENABLE_OBJC_WEAK = YES;
				CLANG_WARN_BLOCK_CAPTURE_AUTORELEASING = YES;
				CLANG_WARN_BOOL_CONVERSION = YES;
				CLANG_WARN_COMMA = YES;
				CLANG_WARN_CONSTANT_CONVERSION = YES;
				CLANG_WARN_DEPRECATED_OBJC_IMPLEMENTATIONS = YES;
				CLANG_WARN_DIRECT_OBJC_ISA_USAGE = YES_ERROR;
				CLANG_WARN_DOCUMENTATION_COMMENTS = YES;
				CLANG_WARN_EMPTY_BODY = YES;
				CLANG_WARN_ENUM_CONVERSION = YES;
				CLANG_WARN_INFINITE_RECURSION = YES;
				CLANG_WARN_INT_CONVERSION = YES;
				CLANG_WARN_NON_LITERAL_NULL_CONVERSION = YES;
				CLANG_WARN_OBJC_IMPLICIT_RETAIN_SELF = YES;
				CLANG_WARN_OBJC_LITERAL_CONVERSION = YES;
				CLANG_WARN_OBJC_ROOT_CLASS = YES_ERROR;
				CLANG_WARN_RANGE_LOOP_ANALYSIS = YES;
				CLANG_WARN_STRICT_PROTOTYPES = YES;
				CLANG_WARN_SUSPICIOUS_MOVE = YES;
				CLANG_WARN_UNGUARDED_AVAILABILITY = YES_AGGRESSIVE;
				CLANG_WARN_UNREACHABLE_CODE = YES;
				CLANG_WARN__DUPLICATE_METHOD_MATCH = YES;
				CODE_SIGN_IDENTITY = "iPhone Developer";
				COPY_PHASE_STRIP = NO;
				DEBUG_INFORMATION_FORMAT = dwarf;
				ENABLE_STRICT_OBJC_MSGSEND = YES;
				ENABLE_TESTABILITY = YES;
				GCC_C_LANGUAGE_STANDARD = gnu11;
				GCC_DYNAMIC_NO_PIC = NO;
				GCC_NO_COMMON_BLOCKS = YES;
				GCC_OPTIMIZATION_LEVEL = 0;
				GCC_PREPROCESSOR_DEFINITIONS = (
					"DEBUG=1",
					"$(inherited)",
				);
				GCC_WARN_64_TO_32_BIT_CONVERSION = YES;
				GCC_WARN_ABOUT_RETURN_TYPE = YES_ERROR;
				GCC_WARN_UNDECLARED_SELECTOR = YES;
				GCC_WARN_UNINITIALIZED_AUTOS = YES_AGGRESSIVE;
				GCC_WARN_UNUSED_FUNCTION = YES;
				GCC_WARN_UNUSED_VARIABLE = YES;
				IPHONEOS_DEPLOYMENT_TARGET = 12.2;
				MTL_ENABLE_DEBUG_INFO = INCLUDE_SOURCE;
				MTL_FAST_MATH = YES;
				ONLY_ACTIVE_ARCH = YES;
				SDKROOT = iphoneos;
				SWIFT_ACTIVE_COMPILATION_CONDITIONS = DEBUG;
				SWIFT_OPTIMIZATION_LEVEL = "-Onone";
			};
			name = Debug;
		};
		DF71747822F1724000633600 /* Release */ = {
			isa = XCBuildConfiguration;
			buildSettings = {
				ALWAYS_SEARCH_USER_PATHS = NO;
				CLANG_ANALYZER_NONNULL = YES;
				CLANG_ANALYZER_NUMBER_OBJECT_CONVERSION = YES_AGGRESSIVE;
				CLANG_CXX_LANGUAGE_STANDARD = "gnu++14";
				CLANG_CXX_LIBRARY = "libc++";
				CLANG_ENABLE_MODULES = YES;
				CLANG_ENABLE_OBJC_ARC = YES;
				CLANG_ENABLE_OBJC_WEAK = YES;
				CLANG_WARN_BLOCK_CAPTURE_AUTORELEASING = YES;
				CLANG_WARN_BOOL_CONVERSION = YES;
				CLANG_WARN_COMMA = YES;
				CLANG_WARN_CONSTANT_CONVERSION = YES;
				CLANG_WARN_DEPRECATED_OBJC_IMPLEMENTATIONS = YES;
				CLANG_WARN_DIRECT_OBJC_ISA_USAGE = YES_ERROR;
				CLANG_WARN_DOCUMENTATION_COMMENTS = YES;
				CLANG_WARN_EMPTY_BODY = YES;
				CLANG_WARN_ENUM_CONVERSION = YES;
				CLANG_WARN_INFINITE_RECURSION = YES;
				CLANG_WARN_INT_CONVERSION = YES;
				CLANG_WARN_NON_LITERAL_NULL_CONVERSION = YES;
				CLANG_WARN_OBJC_IMPLICIT_RETAIN_SELF = YES;
				CLANG_WARN_OBJC_LITERAL_CONVERSION = YES;
				CLANG_WARN_OBJC_ROOT_CLASS = YES_ERROR;
				CLANG_WARN_RANGE_LOOP_ANALYSIS = YES;
				CLANG_WARN_STRICT_PROTOTYPES = YES;
				CLANG_WARN_SUSPICIOUS_MOVE = YES;
				CLANG_WARN_UNGUARDED_AVAILABILITY = YES_AGGRESSIVE;
				CLANG_WARN_UNREACHABLE_CODE = YES;
				CLANG_WARN__DUPLICATE_METHOD_MATCH = YES;
				CODE_SIGN_IDENTITY = "iPhone Developer";
				COPY_PHASE_STRIP = NO;
				DEBUG_INFORMATION_FORMAT = "dwarf-with-dsym";
				ENABLE_NS_ASSERTIONS = NO;
				ENABLE_STRICT_OBJC_MSGSEND = YES;
				GCC_C_LANGUAGE_STANDARD = gnu11;
				GCC_NO_COMMON_BLOCKS = YES;
				GCC_WARN_64_TO_32_BIT_CONVERSION = YES;
				GCC_WARN_ABOUT_RETURN_TYPE = YES_ERROR;
				GCC_WARN_UNDECLARED_SELECTOR = YES;
				GCC_WARN_UNINITIALIZED_AUTOS = YES_AGGRESSIVE;
				GCC_WARN_UNUSED_FUNCTION = YES;
				GCC_WARN_UNUSED_VARIABLE = YES;
				IPHONEOS_DEPLOYMENT_TARGET = 12.2;
				MTL_ENABLE_DEBUG_INFO = NO;
				MTL_FAST_MATH = YES;
				SDKROOT = iphoneos;
				SWIFT_COMPILATION_MODE = wholemodule;
				SWIFT_OPTIMIZATION_LEVEL = "-O";
				VALIDATE_PRODUCT = YES;
			};
			name = Release;
		};
		DF71747A22F1724000633600 /* Debug */ = {
			isa = XCBuildConfiguration;
			baseConfigurationReference = 89D39E95D476347F56B75B04 /* Pods-Demo.debug.xcconfig */;
			buildSettings = {
				ASSETCATALOG_COMPILER_APPICON_NAME = AppIcon;
				CODE_SIGN_STYLE = Automatic;
				DEVELOPMENT_TEAM = 86HU38VCDS;
				INFOPLIST_FILE = Demo/Info.plist;
				LD_RUNPATH_SEARCH_PATHS = (
					"$(inherited)",
					"@executable_path/Frameworks",
				);
				PRODUCT_BUNDLE_IDENTIFIER = Freedom.Demo;
				PRODUCT_NAME = "$(TARGET_NAME)";
				SWIFT_VERSION = 5.0;
				TARGETED_DEVICE_FAMILY = "1,2";
			};
			name = Debug;
		};
		DF71747B22F1724000633600 /* Release */ = {
			isa = XCBuildConfiguration;
			baseConfigurationReference = 38967715B119D13D79242BA4 /* Pods-Demo.release.xcconfig */;
			buildSettings = {
				ASSETCATALOG_COMPILER_APPICON_NAME = AppIcon;
				CODE_SIGN_STYLE = Automatic;
				DEVELOPMENT_TEAM = 86HU38VCDS;
				INFOPLIST_FILE = Demo/Info.plist;
				LD_RUNPATH_SEARCH_PATHS = (
					"$(inherited)",
					"@executable_path/Frameworks",
				);
				PRODUCT_BUNDLE_IDENTIFIER = Freedom.Demo;
				PRODUCT_NAME = "$(TARGET_NAME)";
				SWIFT_VERSION = 5.0;
				TARGETED_DEVICE_FAMILY = "1,2";
			};
			name = Release;
		};
/* End XCBuildConfiguration section */

/* Begin XCConfigurationList section */
		DF71746222F1723E00633600 /* Build configuration list for PBXProject "Demo" */ = {
			isa = XCConfigurationList;
			buildConfigurations = (
				DF71747722F1724000633600 /* Debug */,
				DF71747822F1724000633600 /* Release */,
			);
			defaultConfigurationIsVisible = 0;
			defaultConfigurationName = Release;
		};
		DF71747922F1724000633600 /* Build configuration list for PBXNativeTarget "Demo" */ = {
			isa = XCConfigurationList;
			buildConfigurations = (
				DF71747A22F1724000633600 /* Debug */,
				DF71747B22F1724000633600 /* Release */,
			);
			defaultConfigurationIsVisible = 0;
			defaultConfigurationName = Release;
		};
/* End XCConfigurationList section */
	};
	rootObject = DF71745F22F1723E00633600 /* Project object */;
}
