// !$*UTF8*$!
{
	archiveVersion = 1;
	classes = {
	};
	objectVersion = 50;
	objects = {

/* Begin PBXBuildFile section */
		1F1DCF52F92B2D3577663E9D /* Pods_MacPods.framework in Frameworks */ = {isa = PBXBuildFile; fileRef = 4175AC576801384C1C8DF892 /* Pods_MacPods.framework */; };
		DF524C2C2272F18200099FE6 /* AppDelegate.swift in Sources */ = {isa = PBXBuildFile; fileRef = DF524C2B2272F18200099FE6 /* AppDelegate.swift */; };
		DF524C2E2272F18200099FE6 /* ViewController.swift in Sources */ = {isa = PBXBuildFile; fileRef = DF524C2D2272F18200099FE6 /* ViewController.swift */; };
		DF524C302272F18400099FE6 /* Assets.xcassets in Resources */ = {isa = PBXBuildFile; fileRef = DF524C2F2272F18400099FE6 /* Assets.xcassets */; };
		DF524C332272F18400099FE6 /* Main.storyboard in Resources */ = {isa = PBXBuildFile; fileRef = DF524C312272F18400099FE6 /* Main.storyboard */; };
		DF524C3F2272F3E100099FE6 /* Mac+extension.swift in Sources */ = {isa = PBXBuildFile; fileRef = DF524C3E2272F3E100099FE6 /* Mac+extension.swift */; };
		DF524C412272F43F00099FE6 /* PublicStruct.swift in Sources */ = {isa = PBXBuildFile; fileRef = DF524C402272F43F00099FE6 /* PublicStruct.swift */; };
		DF524C432272F45D00099FE6 /* PublicTools.swift in Sources */ = {isa = PBXBuildFile; fileRef = DF524C422272F45D00099FE6 /* PublicTools.swift */; };
		DF524C452272F54600099FE6 /* MacExtension.podspec in Resources */ = {isa = PBXBuildFile; fileRef = DF524C442272F54600099FE6 /* MacExtension.podspec */; };
/* End PBXBuildFile section */

/* Begin PBXFileReference section */
		22D5AF525B9ECE97A0FC9A65 /* Pods-MacPods.release.xcconfig */ = {isa = PBXFileReference; includeInIndex = 1; lastKnownFileType = text.xcconfig; name = "Pods-MacPods.release.xcconfig"; path = "Pods/Target Support Files/Pods-MacPods/Pods-MacPods.release.xcconfig"; sourceTree = "<group>"; };
		4175AC576801384C1C8DF892 /* Pods_MacPods.framework */ = {isa = PBXFileReference; explicitFileType = wrapper.framework; includeInIndex = 0; path = Pods_MacPods.framework; sourceTree = BUILT_PRODUCTS_DIR; };
		AECFFBC5152FCF5FA334F662 /* Pods-MacPods.debug.xcconfig */ = {isa = PBXFileReference; includeInIndex = 1; lastKnownFileType = text.xcconfig; name = "Pods-MacPods.debug.xcconfig"; path = "Pods/Target Support Files/Pods-MacPods/Pods-MacPods.debug.xcconfig"; sourceTree = "<group>"; };
		DF524C282272F18200099FE6 /* MacPods.app */ = {isa = PBXFileReference; explicitFileType = wrapper.application; includeInIndex = 0; path = MacPods.app; sourceTree = BUILT_PRODUCTS_DIR; };
		DF524C2B2272F18200099FE6 /* AppDelegate.swift */ = {isa = PBXFileReference; lastKnownFileType = sourcecode.swift; path = AppDelegate.swift; sourceTree = "<group>"; };
		DF524C2D2272F18200099FE6 /* ViewController.swift */ = {isa = PBXFileReference; lastKnownFileType = sourcecode.swift; path = ViewController.swift; sourceTree = "<group>"; };
		DF524C2F2272F18400099FE6 /* Assets.xcassets */ = {isa = PBXFileReference; lastKnownFileType = folder.assetcatalog; path = Assets.xcassets; sourceTree = "<group>"; };
		DF524C322272F18400099FE6 /* Base */ = {isa = PBXFileReference; lastKnownFileType = file.storyboard; name = Base; path = Base.lproj/Main.storyboard; sourceTree = "<group>"; };
		DF524C342272F18400099FE6 /* Info.plist */ = {isa = PBXFileReference; lastKnownFileType = text.plist.xml; path = Info.plist; sourceTree = "<group>"; };
		DF524C352272F18400099FE6 /* MacPods.entitlements */ = {isa = PBXFileReference; lastKnownFileType = text.plist.entitlements; path = MacPods.entitlements; sourceTree = "<group>"; };
		DF524C3E2272F3E100099FE6 /* Mac+extension.swift */ = {isa = PBXFileReference; fileEncoding = 4; lastKnownFileType = sourcecode.swift; path = "Mac+extension.swift"; sourceTree = "<group>"; };
		DF524C402272F43F00099FE6 /* PublicStruct.swift */ = {isa = PBXFileReference; lastKnownFileType = sourcecode.swift; path = PublicStruct.swift; sourceTree = "<group>"; };
		DF524C422272F45D00099FE6 /* PublicTools.swift */ = {isa = PBXFileReference; lastKnownFileType = sourcecode.swift; path = PublicTools.swift; sourceTree = "<group>"; };
		DF524C442272F54600099FE6 /* MacExtension.podspec */ = {isa = PBXFileReference; fileEncoding = 4; lastKnownFileType = text; name = MacExtension.podspec; path = ../../MacExtension.podspec; sourceTree = "<group>"; };
/* End PBXFileReference section */

/* Begin PBXFrameworksBuildPhase section */
		DF524C252272F18200099FE6 /* Frameworks */ = {
			isa = PBXFrameworksBuildPhase;
			buildActionMask = 2147483647;
			files = (
				1F1DCF52F92B2D3577663E9D /* Pods_MacPods.framework in Frameworks */,
			);
			runOnlyForDeploymentPostprocessing = 0;
		};
/* End PBXFrameworksBuildPhase section */

/* Begin PBXGroup section */
		B9799AFBBDD73F16AE89F255 /* Frameworks */ = {
			isa = PBXGroup;
			children = (
				4175AC576801384C1C8DF892 /* Pods_MacPods.framework */,
			);
			name = Frameworks;
			sourceTree = "<group>";
		};
		DF524C1F2272F18200099FE6 = {
			isa = PBXGroup;
			children = (
				DF524C2A2272F18200099FE6 /* MacPods */,
				DF524C292272F18200099FE6 /* Products */,
				E9E2B566415BF17CF4970A31 /* Pods */,
				B9799AFBBDD73F16AE89F255 /* Frameworks */,
			);
			sourceTree = "<group>";
		};
		DF524C292272F18200099FE6 /* Products */ = {
			isa = PBXGroup;
			children = (
				DF524C282272F18200099FE6 /* MacPods.app */,
			);
			name = Products;
			sourceTree = "<group>";
		};
		DF524C2A2272F18200099FE6 /* MacPods */ = {
			isa = PBXGroup;
			children = (
				DF524C2B2272F18200099FE6 /* AppDelegate.swift */,
				DF524C2D2272F18200099FE6 /* ViewController.swift */,
				DF524C3B2272F25B00099FE6 /* MacExtension */,
				DF524C2F2272F18400099FE6 /* Assets.xcassets */,
				DF524C442272F54600099FE6 /* MacExtension.podspec */,
				DF524C312272F18400099FE6 /* Main.storyboard */,
				DF524C342272F18400099FE6 /* Info.plist */,
				DF524C352272F18400099FE6 /* MacPods.entitlements */,
			);
			path = MacPods;
			sourceTree = "<group>";
		};
		DF524C3B2272F25B00099FE6 /* MacExtension */ = {
			isa = PBXGroup;
			children = (
				DF524C3E2272F3E100099FE6 /* Mac+extension.swift */,
				DF524C402272F43F00099FE6 /* PublicStruct.swift */,
				DF524C422272F45D00099FE6 /* PublicTools.swift */,
			);
			name = MacExtension;
			path = ../../MacExtension;
			sourceTree = "<group>";
		};
		E9E2B566415BF17CF4970A31 /* Pods */ = {
			isa = PBXGroup;
			children = (
				AECFFBC5152FCF5FA334F662 /* Pods-MacPods.debug.xcconfig */,
				22D5AF525B9ECE97A0FC9A65 /* Pods-MacPods.release.xcconfig */,
			);
			name = Pods;
			sourceTree = "<group>";
		};
/* End PBXGroup section */

/* Begin PBXNativeTarget section */
		DF524C272272F18200099FE6 /* MacPods */ = {
			isa = PBXNativeTarget;
			buildConfigurationList = DF524C382272F18400099FE6 /* Build configuration list for PBXNativeTarget "MacPods" */;
			buildPhases = (
				85373105AC9D8C248F331FF8 /* [CP] Check Pods Manifest.lock */,
				DF524C242272F18200099FE6 /* Sources */,
				DF524C252272F18200099FE6 /* Frameworks */,
				DF524C262272F18200099FE6 /* Resources */,
				9A3BDFB27FF8AB9F01B3155C /* [CP] Embed Pods Frameworks */,
			);
			buildRules = (
			);
			dependencies = (
			);
			name = MacPods;
			productName = MacPods;
			productReference = DF524C282272F18200099FE6 /* MacPods.app */;
			productType = "com.apple.product-type.application";
		};
/* End PBXNativeTarget section */

/* Begin PBXProject section */
		DF524C202272F18200099FE6 /* Project object */ = {
			isa = PBXProject;
			attributes = {
				LastSwiftUpdateCheck = 1010;
				LastUpgradeCheck = 1010;
				ORGANIZATIONNAME = Super;
				TargetAttributes = {
					DF524C272272F18200099FE6 = {
						CreatedOnToolsVersion = 10.1;
					};
				};
			};
			buildConfigurationList = DF524C232272F18200099FE6 /* Build configuration list for PBXProject "MacPods" */;
			compatibilityVersion = "Xcode 9.3";
			developmentRegion = en;
			hasScannedForEncodings = 0;
			knownRegions = (
				en,
				Base,
			);
			mainGroup = DF524C1F2272F18200099FE6;
			productRefGroup = DF524C292272F18200099FE6 /* Products */;
			projectDirPath = "";
			projectRoot = "";
			targets = (
				DF524C272272F18200099FE6 /* MacPods */,
			);
		};
/* End PBXProject section */

/* Begin PBXResourcesBuildPhase section */
		DF524C262272F18200099FE6 /* Resources */ = {
			isa = PBXResourcesBuildPhase;
			buildActionMask = 2147483647;
			files = (
				DF524C302272F18400099FE6 /* Assets.xcassets in Resources */,
				DF524C332272F18400099FE6 /* Main.storyboard in Resources */,
				DF524C452272F54600099FE6 /* MacExtension.podspec in Resources */,
			);
			runOnlyForDeploymentPostprocessing = 0;
		};
/* End PBXResourcesBuildPhase section */

/* Begin PBXShellScriptBuildPhase section */
		85373105AC9D8C248F331FF8 /* [CP] Check Pods Manifest.lock */ = {
			isa = PBXShellScriptBuildPhase;
			buildActionMask = 2147483647;
			files = (
			);
			inputFileListPaths = (
			);
			inputPaths = (
				"${PODS_PODFILE_DIR_PATH}/Podfile.lock",
				"${PODS_ROOT}/Manifest.lock",
			);
			name = "[CP] Check Pods Manifest.lock";
			outputFileListPaths = (
			);
			outputPaths = (
				"$(DERIVED_FILE_DIR)/Pods-MacPods-checkManifestLockResult.txt",
			);
			runOnlyForDeploymentPostprocessing = 0;
			shellPath = /bin/sh;
			shellScript = "diff \"${PODS_PODFILE_DIR_PATH}/Podfile.lock\" \"${PODS_ROOT}/Manifest.lock\" > /dev/null\nif [ $? != 0 ] ; then\n    # print error to STDERR\n    echo \"error: The sandbox is not in sync with the Podfile.lock. Run 'pod install' or update your CocoaPods installation.\" >&2\n    exit 1\nfi\n# This output is used by Xcode 'outputs' to avoid re-running this script phase.\necho \"SUCCESS\" > \"${SCRIPT_OUTPUT_FILE_0}\"\n";
			showEnvVarsInLog = 0;
		};
		9A3BDFB27FF8AB9F01B3155C /* [CP] Embed Pods Frameworks */ = {
			isa = PBXShellScriptBuildPhase;
			buildActionMask = 2147483647;
			files = (
			);
			inputFileListPaths = (
			);
			inputPaths = (
				"${SRCROOT}/Pods/Target Support Files/Pods-MacPods/Pods-MacPods-frameworks.sh",
				"${BUILT_PRODUCTS_DIR}/Alamofire/Alamofire.framework",
			);
			name = "[CP] Embed Pods Frameworks";
			outputFileListPaths = (
			);
			outputPaths = (
				"${TARGET_BUILD_DIR}/${FRAMEWORKS_FOLDER_PATH}/Alamofire.framework",
			);
			runOnlyForDeploymentPostprocessing = 0;
			shellPath = /bin/sh;
			shellScript = "\"${SRCROOT}/Pods/Target Support Files/Pods-MacPods/Pods-MacPods-frameworks.sh\"\n";
			showEnvVarsInLog = 0;
		};
/* End PBXShellScriptBuildPhase section */

/* Begin PBXSourcesBuildPhase section */
		DF524C242272F18200099FE6 /* Sources */ = {
			isa = PBXSourcesBuildPhase;
			buildActionMask = 2147483647;
			files = (
				DF524C2E2272F18200099FE6 /* ViewController.swift in Sources */,
				DF524C412272F43F00099FE6 /* PublicStruct.swift in Sources */,
				DF524C3F2272F3E100099FE6 /* Mac+extension.swift in Sources */,
				DF524C432272F45D00099FE6 /* PublicTools.swift in Sources */,
				DF524C2C2272F18200099FE6 /* AppDelegate.swift in Sources */,
			);
			runOnlyForDeploymentPostprocessing = 0;
		};
/* End PBXSourcesBuildPhase section */

/* Begin PBXVariantGroup section */
		DF524C312272F18400099FE6 /* Main.storyboard */ = {
			isa = PBXVariantGroup;
			children = (
				DF524C322272F18400099FE6 /* Base */,
			);
			name = Main.storyboard;
			sourceTree = "<group>";
		};
/* End PBXVariantGroup section */

/* Begin XCBuildConfiguration section */
		DF524C362272F18400099FE6 /* Debug */ = {
			isa = XCBuildConfiguration;
			buildSettings = {
				ALWAYS_SEARCH_USER_PATHS = NO;
				CLANG_ANALYZER_NONNULL = YES;
				CLANG_ANALYZER_NUMBER_OBJECT_CONVERSION = YES_AGGRESSIVE;
				CLANG_CXX_LANGUAGE_STANDARD = "gnu++14";
				CLANG_CXX_LIBRARY = "libc++";
				CLANG_ENABLE_MODULES = YES;
				CLANG_ENABLE_OBJC_ARC = YES;
				CLANG_ENABLE_OBJC_WEAK = YES;
				CLANG_WARN_BLOCK_CAPTURE_AUTORELEASING = YES;
				CLANG_WARN_BOOL_CONVERSION = YES;
				CLANG_WARN_COMMA = YES;
				CLANG_WARN_CONSTANT_CONVERSION = YES;
				CLANG_WARN_DEPRECATED_OBJC_IMPLEMENTATIONS = YES;
				CLANG_WARN_DIRECT_OBJC_ISA_USAGE = YES_ERROR;
				CLANG_WARN_DOCUMENTATION_COMMENTS = YES;
				CLANG_WARN_EMPTY_BODY = YES;
				CLANG_WARN_ENUM_CONVERSION = YES;
				CLANG_WARN_INFINITE_RECURSION = YES;
				CLANG_WARN_INT_CONVERSION = YES;
				CLANG_WARN_NON_LITERAL_NULL_CONVERSION = YES;
				CLANG_WARN_OBJC_IMPLICIT_RETAIN_SELF = YES;
				CLANG_WARN_OBJC_LITERAL_CONVERSION = YES;
				CLANG_WARN_OBJC_ROOT_CLASS = YES_ERROR;
				CLANG_WARN_RANGE_LOOP_ANALYSIS = YES;
				CLANG_WARN_STRICT_PROTOTYPES = YES;
				CLANG_WARN_SUSPICIOUS_MOVE = YES;
				CLANG_WARN_UNGUARDED_AVAILABILITY = YES_AGGRESSIVE;
				CLANG_WARN_UNREACHABLE_CODE = YES;
				CLANG_WARN__DUPLICATE_METHOD_MATCH = YES;
				CODE_SIGN_IDENTITY = "Mac Developer";
				COPY_PHASE_STRIP = NO;
				DEBUG_INFORMATION_FORMAT = dwarf;
				ENABLE_STRICT_OBJC_MSGSEND = YES;
				ENABLE_TESTABILITY = YES;
				GCC_C_LANGUAGE_STANDARD = gnu11;
				GCC_DYNAMIC_NO_PIC = NO;
				GCC_NO_COMMON_BLOCKS = YES;
				GCC_OPTIMIZATION_LEVEL = 0;
				GCC_PREPROCESSOR_DEFINITIONS = (
					"DEBUG=1",
					"$(inherited)",
				);
				GCC_WARN_64_TO_32_BIT_CONVERSION = YES;
				GCC_WARN_ABOUT_RETURN_TYPE = YES_ERROR;
				GCC_WARN_UNDECLARED_SELECTOR = YES;
				GCC_WARN_UNINITIALIZED_AUTOS = YES_AGGRESSIVE;
				GCC_WARN_UNUSED_FUNCTION = YES;
				GCC_WARN_UNUSED_VARIABLE = YES;
				MACOSX_DEPLOYMENT_TARGET = 10.14;
				MTL_ENABLE_DEBUG_INFO = INCLUDE_SOURCE;
				MTL_FAST_MATH = YES;
				ONLY_ACTIVE_ARCH = YES;
				SDKROOT = macosx;
				SWIFT_ACTIVE_COMPILATION_CONDITIONS = DEBUG;
				SWIFT_OPTIMIZATION_LEVEL = "-Onone";
			};
			name = Debug;
		};
		DF524C372272F18400099FE6 /* Release */ = {
			isa = XCBuildConfiguration;
			buildSettings = {
				ALWAYS_SEARCH_USER_PATHS = NO;
				CLANG_ANALYZER_NONNULL = YES;
				CLANG_ANALYZER_NUMBER_OBJECT_CONVERSION = YES_AGGRESSIVE;
				CLANG_CXX_LANGUAGE_STANDARD = "gnu++14";
				CLANG_CXX_LIBRARY = "libc++";
				CLANG_ENABLE_MODULES = YES;
				CLANG_ENABLE_OBJC_ARC = YES;
				CLANG_ENABLE_OBJC_WEAK = YES;
				CLANG_WARN_BLOCK_CAPTURE_AUTORELEASING = YES;
				CLANG_WARN_BOOL_CONVERSION = YES;
				CLANG_WARN_COMMA = YES;
				CLANG_WARN_CONSTANT_CONVERSION = YES;
				CLANG_WARN_DEPRECATED_OBJC_IMPLEMENTATIONS = YES;
				CLANG_WARN_DIRECT_OBJC_ISA_USAGE = YES_ERROR;
				CLANG_WARN_DOCUMENTATION_COMMENTS = YES;
				CLANG_WARN_EMPTY_BODY = YES;
				CLANG_WARN_ENUM_CONVERSION = YES;
				CLANG_WARN_INFINITE_RECURSION = YES;
				CLANG_WARN_INT_CONVERSION = YES;
				CLANG_WARN_NON_LITERAL_NULL_CONVERSION = YES;
				CLANG_WARN_OBJC_IMPLICIT_RETAIN_SELF = YES;
				CLANG_WARN_OBJC_LITERAL_CONVERSION = YES;
				CLANG_WARN_OBJC_ROOT_CLASS = YES_ERROR;
				CLANG_WARN_RANGE_LOOP_ANALYSIS = YES;
				CLANG_WARN_STRICT_PROTOTYPES = YES;
				CLANG_WARN_SUSPICIOUS_MOVE = YES;
				CLANG_WARN_UNGUARDED_AVAILABILITY = YES_AGGRESSIVE;
				CLANG_WARN_UNREACHABLE_CODE = YES;
				CLANG_WARN__DUPLICATE_METHOD_MATCH = YES;
				CODE_SIGN_IDENTITY = "Mac Developer";
				COPY_PHASE_STRIP = NO;
				DEBUG_INFORMATION_FORMAT = "dwarf-with-dsym";
				ENABLE_NS_ASSERTIONS = NO;
				ENABLE_STRICT_OBJC_MSGSEND = YES;
				GCC_C_LANGUAGE_STANDARD = gnu11;
				GCC_NO_COMMON_BLOCKS = YES;
				GCC_WARN_64_TO_32_BIT_CONVERSION = YES;
				GCC_WARN_ABOUT_RETURN_TYPE = YES_ERROR;
				GCC_WARN_UNDECLARED_SELECTOR = YES;
				GCC_WARN_UNINITIALIZED_AUTOS = YES_AGGRESSIVE;
				GCC_WARN_UNUSED_FUNCTION = YES;
				GCC_WARN_UNUSED_VARIABLE = YES;
				MACOSX_DEPLOYMENT_TARGET = 10.14;
				MTL_ENABLE_DEBUG_INFO = NO;
				MTL_FAST_MATH = YES;
				SDKROOT = macosx;
				SWIFT_COMPILATION_MODE = wholemodule;
				SWIFT_OPTIMIZATION_LEVEL = "-O";
			};
			name = Release;
		};
		DF524C392272F18400099FE6 /* Debug */ = {
			isa = XCBuildConfiguration;
			baseConfigurationReference = AECFFBC5152FCF5FA334F662 /* Pods-MacPods.debug.xcconfig */;
			buildSettings = {
				ASSETCATALOG_COMPILER_APPICON_NAME = AppIcon;
				CODE_SIGN_ENTITLEMENTS = MacPods/MacPods.entitlements;
				CODE_SIGN_IDENTITY = "Mac Developer";
				CODE_SIGN_STYLE = Automatic;
				COMBINE_HIDPI_IMAGES = YES;
				DEVELOPMENT_TEAM = 86HU38VCDS;
				INFOPLIST_FILE = MacPods/Info.plist;
				LD_RUNPATH_SEARCH_PATHS = (
					"$(inherited)",
					"@executable_path/../Frameworks",
				);
				MACOSX_DEPLOYMENT_TARGET = 10.10;
				PRODUCT_BUNDLE_IDENTIFIER = Freedom.MacPods;
				PRODUCT_NAME = "$(TARGET_NAME)";
				PROVISIONING_PROFILE_SPECIFIER = "";
				SWIFT_VERSION = 4.2;
			};
			name = Debug;
		};
		DF524C3A2272F18400099FE6 /* Release */ = {
			isa = XCBuildConfiguration;
			baseConfigurationReference = 22D5AF525B9ECE97A0FC9A65 /* Pods-MacPods.release.xcconfig */;
			buildSettings = {
				ASSETCATALOG_COMPILER_APPICON_NAME = AppIcon;
				CODE_SIGN_ENTITLEMENTS = MacPods/MacPods.entitlements;
				CODE_SIGN_IDENTITY = "Mac Developer";
				CODE_SIGN_STYLE = Automatic;
				COMBINE_HIDPI_IMAGES = YES;
				DEVELOPMENT_TEAM = 86HU38VCDS;
				INFOPLIST_FILE = MacPods/Info.plist;
				LD_RUNPATH_SEARCH_PATHS = (
					"$(inherited)",
					"@executable_path/../Frameworks",
				);
				MACOSX_DEPLOYMENT_TARGET = 10.10;
				PRODUCT_BUNDLE_IDENTIFIER = Freedom.MacPods;
				PRODUCT_NAME = "$(TARGET_NAME)";
				PROVISIONING_PROFILE_SPECIFIER = "";
				SWIFT_VERSION = 4.2;
			};
			name = Release;
		};
/* End XCBuildConfiguration section */

/* Begin XCConfigurationList section */
		DF524C232272F18200099FE6 /* Build configuration list for PBXProject "MacPods" */ = {
			isa = XCConfigurationList;
			buildConfigurations = (
				DF524C362272F18400099FE6 /* Debug */,
				DF524C372272F18400099FE6 /* Release */,
			);
			defaultConfigurationIsVisible = 0;
			defaultConfigurationName = Release;
		};
		DF524C382272F18400099FE6 /* Build configuration list for PBXNativeTarget "MacPods" */ = {
			isa = XCConfigurationList;
			buildConfigurations = (
				DF524C392272F18400099FE6 /* Debug */,
				DF524C3A2272F18400099FE6 /* Release */,
			);
			defaultConfigurationIsVisible = 0;
			defaultConfigurationName = Release;
		};
/* End XCConfigurationList section */
	};
	rootObject = DF524C202272F18200099FE6 /* Project object */;
}
